
Microsoft Visual Studio Solution File, Format Version 12.00
# Visual Studio Version 16
VisualStudioVersion = 16.0.29215.179
MinimumVisualStudioVersion = 10.0.40219.1
Project("{FAE04EC0-301F-11D3-BF4B-00C04F79EFBC}") = "DapperCrud", "DapperCrud\DapperCrud.csproj", "{1AD54092-621C-4AE6-A256-E0D0B457233E}"
EndProject
Global
	GlobalSection(SolutionConfigurationPlatforms) = preSolution
		Debug|Any CPU = Debug|Any CPU
		Release|Any CPU = Release|Any CPU
	EndGlobalSection
	GlobalSection(ProjectConfigurationPlatforms) = postSolution
		{1AD54092-621C-4AE6-A256-E0D0B457233E}.Debug|Any CPU.ActiveCfg = Debug|Any CPU
		{1AD54092-621C-4AE6-A256-E0D0B457233E}.Debug|Any CPU.Build.0 = Debug|Any CPU
		{1AD54092-621C-4AE6-A256-E0D0B457233E}.Release|Any CPU.ActiveCfg = Release|Any CPU
		{1AD54092-621C-4AE6-A256-E0D0B457233E}.Release|Any CPU.Build.0 = Release|Any CPU
	EndGlobalSection
	GlobalSection(SolutionProperties) = preSolution
		HideSolutionNode = FALSE
	EndGlobalSection
	GlobalSection(ExtensibilityGlobals) = postSolution
		SolutionGuid = {E065E70C-616A-4349-BD36-007B157F3C24}
	EndGlobalSection
EndGlobal
